// !$*UTF8*$!
{
	archiveVersion = 1;
	classes = {
	};
	objectVersion = 56;
	objects = {

/* Begin PBXBuildFile section */
		ED28977D29C4BE0B00B2D5DB /* FirstFloorView.swift in Sources */ = {isa = PBXBuildFile; fileRef = ED28977C29C4BE0B00B2D5DB /* FirstFloorView.swift */; };
		ED2924AD29C62DFF008593D8 /* MenuView.swift in Sources */ = {isa = PBXBuildFile; fileRef = ED2924AC29C62DFF008593D8 /* MenuView.swift */; };
		ED6D971829C86E86009585EC /* MenuViewController.swift in Sources */ = {isa = PBXBuildFile; fileRef = ED6D971729C86E86009585EC /* MenuViewController.swift */; };
		ED75386029BA166400DDFAFD /* AppDelegate.swift in Sources */ = {isa = PBXBuildFile; fileRef = ED75385F29BA166400DDFAFD /* AppDelegate.swift */; };
		ED75386429BA166400DDFAFD /* ViewController.swift in Sources */ = {isa = PBXBuildFile; fileRef = ED75386329BA166400DDFAFD /* ViewController.swift */; };
		ED75386A29BA166400DDFAFD /* diplomaProject.xcdatamodeld in Sources */ = {isa = PBXBuildFile; fileRef = ED75386829BA166400DDFAFD /* diplomaProject.xcdatamodeld */; };
		ED75386C29BA166600DDFAFD /* Assets.xcassets in Resources */ = {isa = PBXBuildFile; fileRef = ED75386B29BA166600DDFAFD /* Assets.xcassets */; };
		ED75386F29BA166600DDFAFD /* LaunchScreen.storyboard in Resources */ = {isa = PBXBuildFile; fileRef = ED75386D29BA166600DDFAFD /* LaunchScreen.storyboard */; };
		EDBAF71D29C38C7900188002 /* database.swift in Sources */ = {isa = PBXBuildFile; fileRef = EDBAF71C29C38C7900188002 /* database.swift */; };
/* End PBXBuildFile section */

/* Begin PBXFileReference section */
		ED28977C29C4BE0B00B2D5DB /* FirstFloorView.swift */ = {isa = PBXFileReference; lastKnownFileType = sourcecode.swift; path = FirstFloorView.swift; sourceTree = "<group>"; };
		ED2924AC29C62DFF008593D8 /* MenuView.swift */ = {isa = PBXFileReference; lastKnownFileType = sourcecode.swift; path = MenuView.swift; sourceTree = "<group>"; };
		ED6D971729C86E86009585EC /* MenuViewController.swift */ = {isa = PBXFileReference; lastKnownFileType = sourcecode.swift; path = MenuViewController.swift; sourceTree = "<group>"; };
		ED75385C29BA166400DDFAFD /* diplomaProject.app */ = {isa = PBXFileReference; explicitFileType = wrapper.application; includeInIndex = 0; path = diplomaProject.app; sourceTree = BUILT_PRODUCTS_DIR; };
		ED75385F29BA166400DDFAFD /* AppDelegate.swift */ = {isa = PBXFileReference; lastKnownFileType = sourcecode.swift; path = AppDelegate.swift; sourceTree = "<group>"; };
		ED75386329BA166400DDFAFD /* ViewController.swift */ = {isa = PBXFileReference; lastKnownFileType = sourcecode.swift; path = ViewController.swift; sourceTree = "<group>"; };
		ED75386929BA166400DDFAFD /* diplomaProject.xcdatamodel */ = {isa = PBXFileReference; lastKnownFileType = wrapper.xcdatamodel; path = diplomaProject.xcdatamodel; sourceTree = "<group>"; };
		ED75386B29BA166600DDFAFD /* Assets.xcassets */ = {isa = PBXFileReference; lastKnownFileType = folder.assetcatalog; path = Assets.xcassets; sourceTree = "<group>"; };
		ED75386E29BA166600DDFAFD /* Base */ = {isa = PBXFileReference; lastKnownFileType = file.storyboard; name = Base; path = Base.lproj/LaunchScreen.storyboard; sourceTree = "<group>"; };
		ED75387029BA166600DDFAFD /* Info.plist */ = {isa = PBXFileReference; lastKnownFileType = text.plist.xml; path = Info.plist; sourceTree = "<group>"; };
		EDBAF71C29C38C7900188002 /* database.swift */ = {isa = PBXFileReference; lastKnownFileType = sourcecode.swift; path = database.swift; sourceTree = "<group>"; };
/* End PBXFileReference section */

/* Begin PBXFrameworksBuildPhase section */
		ED75385929BA166400DDFAFD /* Frameworks */ = {
			isa = PBXFrameworksBuildPhase;
			buildActionMask = 2147483647;
			files = (
			);
			runOnlyForDeploymentPostprocessing = 0;
		};
/* End PBXFrameworksBuildPhase section */

/* Begin PBXGroup section */
		ED75385329BA166400DDFAFD = {
			isa = PBXGroup;
			children = (
				ED75385E29BA166400DDFAFD /* diplomaProject */,
				ED75385D29BA166400DDFAFD /* Products */,
			);
			sourceTree = "<group>";
		};
		ED75385D29BA166400DDFAFD /* Products */ = {
			isa = PBXGroup;
			children = (
				ED75385C29BA166400DDFAFD /* diplomaProject.app */,
			);
			name = Products;
			sourceTree = "<group>";
		};
		ED75385E29BA166400DDFAFD /* diplomaProject */ = {
			isa = PBXGroup;
			children = (
				ED6D971729C86E86009585EC /* MenuViewController.swift */,
				ED75386329BA166400DDFAFD /* ViewController.swift */,
				ED28977C29C4BE0B00B2D5DB /* FirstFloorView.swift */,
				ED2924AC29C62DFF008593D8 /* MenuView.swift */,
				ED75385F29BA166400DDFAFD /* AppDelegate.swift */,
				ED75386B29BA166600DDFAFD /* Assets.xcassets */,
				ED75386D29BA166600DDFAFD /* LaunchScreen.storyboard */,
				ED75387029BA166600DDFAFD /* Info.plist */,
				ED75386829BA166400DDFAFD /* diplomaProject.xcdatamodeld */,
				EDBAF71C29C38C7900188002 /* database.swift */,
			);
			path = diplomaProject;
			sourceTree = "<group>";
		};
/* End PBXGroup section */

/* Begin PBXNativeTarget section */
		ED75385B29BA166400DDFAFD /* diplomaProject */ = {
			isa = PBXNativeTarget;
			buildConfigurationList = ED75387329BA166600DDFAFD /* Build configuration list for PBXNativeTarget "diplomaProject" */;
			buildPhases = (
				ED75385829BA166400DDFAFD /* Sources */,
				ED75385929BA166400DDFAFD /* Frameworks */,
				ED75385A29BA166400DDFAFD /* Resources */,
			);
			buildRules = (
			);
			dependencies = (
			);
			name = diplomaProject;
			packageProductDependencies = (
			);
			productName = diplomaProject;
			productReference = ED75385C29BA166400DDFAFD /* diplomaProject.app */;
			productType = "com.apple.product-type.application";
		};
/* End PBXNativeTarget section */

/* Begin PBXProject section */
		ED75385429BA166400DDFAFD /* Project object */ = {
			isa = PBXProject;
			attributes = {
				BuildIndependentTargetsInParallel = 1;
				LastSwiftUpdateCheck = 1420;
				LastUpgradeCheck = 1420;
				TargetAttributes = {
					ED75385B29BA166400DDFAFD = {
						CreatedOnToolsVersion = 14.2;
					};
				};
			};
			buildConfigurationList = ED75385729BA166400DDFAFD /* Build configuration list for PBXProject "diplomaProject" */;
			compatibilityVersion = "Xcode 14.0";
			developmentRegion = en;
			hasScannedForEncodings = 0;
			knownRegions = (
				en,
				Base,
			);
			mainGroup = ED75385329BA166400DDFAFD;
			packageReferences = (
			);
			productRefGroup = ED75385D29BA166400DDFAFD /* Products */;
			projectDirPath = "";
			projectRoot = "";
			targets = (
				ED75385B29BA166400DDFAFD /* diplomaProject */,
			);
		};
/* End PBXProject section */

/* Begin PBXResourcesBuildPhase section */
		ED75385A29BA166400DDFAFD /* Resources */ = {
			isa = PBXResourcesBuildPhase;
			buildActionMask = 2147483647;
			files = (
				ED75386F29BA166600DDFAFD /* LaunchScreen.storyboard in Resources */,
				ED75386C29BA166600DDFAFD /* Assets.xcassets in Resources */,
			);
			runOnlyForDeploymentPostprocessing = 0;
		};
/* End PBXResourcesBuildPhase section */

/* Begin PBXSourcesBuildPhase section */
		ED75385829BA166400DDFAFD /* Sources */ = {
			isa = PBXSourcesBuildPhase;
			buildActionMask = 2147483647;
			files = (
				ED2924AD29C62DFF008593D8 /* MenuView.swift in Sources */,
				ED75386A29BA166400DDFAFD /* diplomaProject.xcdatamodeld in Sources */,
				ED28977D29C4BE0B00B2D5DB /* FirstFloorView.swift in Sources */,
				ED6D971829C86E86009585EC /* MenuViewController.swift in Sources */,
				EDBAF71D29C38C7900188002 /* database.swift in Sources */,
				ED75386429BA166400DDFAFD /* ViewController.swift in Sources */,
				ED75386029BA166400DDFAFD /* AppDelegate.swift in Sources */,
			);
			runOnlyForDeploymentPostprocessing = 0;
		};
/* End PBXSourcesBuildPhase section */

/* Begin PBXVariantGroup section */
		ED75386D29BA166600DDFAFD /* LaunchScreen.storyboard */ = {
			isa = PBXVariantGroup;
			children = (
				ED75386E29BA166600DDFAFD /* Base */,
			);
			name = LaunchScreen.storyboard;
			sourceTree = "<group>";
		};
/* End PBXVariantGroup section */

/* Begin XCBuildConfiguration section */
		ED75387129BA166600DDFAFD /* Debug */ = {
			isa = XCBuildConfiguration;
			buildSettings = {
				ALWAYS_SEARCH_USER_PATHS = NO;
				CLANG_ANALYZER_NONNULL = YES;
				CLANG_ANALYZER_NUMBER_OBJECT_CONVERSION = YES_AGGRESSIVE;
				CLANG_CXX_LANGUAGE_STANDARD = "gnu++20";
				CLANG_ENABLE_MODULES = YES;
				CLANG_ENABLE_OBJC_ARC = YES;
				CLANG_ENABLE_OBJC_WEAK = YES;
				CLANG_WARN_BLOCK_CAPTURE_AUTORELEASING = YES;
				CLANG_WARN_BOOL_CONVERSION = YES;
				CLANG_WARN_COMMA = YES;
				CLANG_WARN_CONSTANT_CONVERSION = YES;
				CLANG_WARN_DEPRECATED_OBJC_IMPLEMENTATIONS = YES;
				CLANG_WARN_DIRECT_OBJC_ISA_USAGE = YES_ERROR;
				CLANG_WARN_DOCUMENTATION_COMMENTS = YES;
				CLANG_WARN_EMPTY_BODY = YES;
				CLANG_WARN_ENUM_CONVERSION = YES;
				CLANG_WARN_INFINITE_RECURSION = YES;
				CLANG_WARN_INT_CONVERSION = YES;
				CLANG_WARN_NON_LITERAL_NULL_CONVERSION = YES;
				CLANG_WARN_OBJC_IMPLICIT_RETAIN_SELF = YES;
				CLANG_WARN_OBJC_LITERAL_CONVERSION = YES;
				CLANG_WARN_OBJC_ROOT_CLASS = YES_ERROR;
				CLANG_WARN_QUOTED_INCLUDE_IN_FRAMEWORK_HEADER = YES;
				CLANG_WARN_RANGE_LOOP_ANALYSIS = YES;
				CLANG_WARN_STRICT_PROTOTYPES = YES;
				CLANG_WARN_SUSPICIOUS_MOVE = YES;
				CLANG_WARN_UNGUARDED_AVAILABILITY = YES_AGGRESSIVE;
				CLANG_WARN_UNREACHABLE_CODE = YES;
				CLANG_WARN__DUPLICATE_METHOD_MATCH = YES;
				COPY_PHASE_STRIP = NO;
				DEBUG_INFORMATION_FORMAT = dwarf;
				ENABLE_STRICT_OBJC_MSGSEND = YES;
				ENABLE_TESTABILITY = YES;
				GCC_C_LANGUAGE_STANDARD = gnu11;
				GCC_DYNAMIC_NO_PIC = NO;
				GCC_NO_COMMON_BLOCKS = YES;
				GCC_OPTIMIZATION_LEVEL = 0;
				GCC_PREPROCESSOR_DEFINITIONS = (
					"DEBUG=1",
					"$(inherited)",
				);
				GCC_WARN_64_TO_32_BIT_CONVERSION = YES;
				GCC_WARN_ABOUT_RETURN_TYPE = YES_ERROR;
				GCC_WARN_UNDECLARED_SELECTOR = YES;
				GCC_WARN_UNINITIALIZED_AUTOS = YES_AGGRESSIVE;
				GCC_WARN_UNUSED_FUNCTION = YES;
				GCC_WARN_UNUSED_VARIABLE = YES;
				IPHONEOS_DEPLOYMENT_TARGET = 15.0;
				MTL_ENABLE_DEBUG_INFO = INCLUDE_SOURCE;
				MTL_FAST_MATH = YES;
				ONLY_ACTIVE_ARCH = YES;
				SDKROOT = iphoneos;
				SWIFT_ACTIVE_COMPILATION_CONDITIONS = DEBUG;
				SWIFT_OPTIMIZATION_LEVEL = "-Onone";
			};
			name = Debug;
		};
		ED75387229BA166600DDFAFD /* Release */ = {
			isa = XCBuildConfiguration;
			buildSettings = {
				ALWAYS_SEARCH_USER_PATHS = NO;
				CLANG_ANALYZER_NONNULL = YES;
				CLANG_ANALYZER_NUMBER_OBJECT_CONVERSION = YES_AGGRESSIVE;
				CLANG_CXX_LANGUAGE_STANDARD = "gnu++20";
				CLANG_ENABLE_MODULES = YES;
				CLANG_ENABLE_OBJC_ARC = YES;
				CLANG_ENABLE_OBJC_WEAK = YES;
				CLANG_WARN_BLOCK_CAPTURE_AUTORELEASING = YES;
				CLANG_WARN_BOOL_CONVERSION = YES;
				CLANG_WARN_COMMA = YES;
				CLANG_WARN_CONSTANT_CONVERSION = YES;
				CLANG_WARN_DEPRECATED_OBJC_IMPLEMENTATIONS = YES;
				CLANG_WARN_DIRECT_OBJC_ISA_USAGE = YES_ERROR;
				CLANG_WARN_DOCUMENTATION_COMMENTS = YES;
				CLANG_WARN_EMPTY_BODY = YES;
				CLANG_WARN_ENUM_CONVERSION = YES;
				CLANG_WARN_INFINITE_RECURSION = YES;
				CLANG_WARN_INT_CONVERSION = YES;
				CLANG_WARN_NON_LITERAL_NULL_CONVERSION = YES;
				CLANG_WARN_OBJC_IMPLICIT_RETAIN_SELF = YES;
				CLANG_WARN_OBJC_LITERAL_CONVERSION = YES;
				CLANG_WARN_OBJC_ROOT_CLASS = YES_ERROR;
				CLANG_WARN_QUOTED_INCLUDE_IN_FRAMEWORK_HEADER = YES;
				CLANG_WARN_RANGE_LOOP_ANALYSIS = YES;
				CLANG_WARN_STRICT_PROTOTYPES = YES;
				CLANG_WARN_SUSPICIOUS_MOVE = YES;
				CLANG_WARN_UNGUARDED_AVAILABILITY = YES_AGGRESSIVE;
				CLANG_WARN_UNREACHABLE_CODE = YES;
				CLANG_WARN__DUPLICATE_METHOD_MATCH = YES;
				COPY_PHASE_STRIP = NO;
				DEBUG_INFORMATION_FORMAT = "dwarf-with-dsym";
				ENABLE_NS_ASSERTIONS = NO;
				ENABLE_STRICT_OBJC_MSGSEND = YES;
				GCC_C_LANGUAGE_STANDARD = gnu11;
				GCC_NO_COMMON_BLOCKS = YES;
				GCC_WARN_64_TO_32_BIT_CONVERSION = YES;
				GCC_WARN_ABOUT_RETURN_TYPE = YES_ERROR;
				GCC_WARN_UNDECLARED_SELECTOR = YES;
				GCC_WARN_UNINITIALIZED_AUTOS = YES_AGGRESSIVE;
				GCC_WARN_UNUSED_FUNCTION = YES;
				GCC_WARN_UNUSED_VARIABLE = YES;
				IPHONEOS_DEPLOYMENT_TARGET = 15.0;
				MTL_ENABLE_DEBUG_INFO = NO;
				MTL_FAST_MATH = YES;
				SDKROOT = iphoneos;
				SWIFT_COMPILATION_MODE = wholemodule;
				SWIFT_OPTIMIZATION_LEVEL = "-O";
				VALIDATE_PRODUCT = YES;
			};
			name = Release;
		};
		ED75387429BA166600DDFAFD /* Debug */ = {
			isa = XCBuildConfiguration;
			buildSettings = {
				ASSETCATALOG_COMPILER_APPICON_NAME = AppIcon;
				ASSETCATALOG_COMPILER_GLOBAL_ACCENT_COLOR_NAME = AccentColor;
				CODE_SIGN_STYLE = Automatic;
				CURRENT_PROJECT_VERSION = 1;
				DEVELOPMENT_TEAM = QMHYMU36A8;
				GENERATE_INFOPLIST_FILE = YES;
				INFOPLIST_FILE = diplomaProject/Info.plist;
				INFOPLIST_KEY_UIApplicationSupportsIndirectInputEvents = YES;
				INFOPLIST_KEY_UILaunchStoryboardName = LaunchScreen;
				INFOPLIST_KEY_UIStatusBarStyle = "";
				INFOPLIST_KEY_UISupportedInterfaceOrientations_iPad = "UIInterfaceOrientationPortrait UIInterfaceOrientationPortraitUpsideDown UIInterfaceOrientationLandscapeLeft UIInterfaceOrientationLandscapeRight";
				INFOPLIST_KEY_UISupportedInterfaceOrientations_iPhone = "UIInterfaceOrientationPortrait UIInterfaceOrientationLandscapeLeft UIInterfaceOrientationLandscapeRight";
				LD_RUNPATH_SEARCH_PATHS = (
					"$(inherited)",
					"@executable_path/Frameworks",
				);
				MARKETING_VERSION = 1.0;
				PRODUCT_BUNDLE_IDENTIFIER = imangalite.diplomaProject;
				PRODUCT_NAME = "$(TARGET_NAME)";
				SWIFT_EMIT_LOC_STRINGS = YES;
				SWIFT_VERSION = 5.0;
				TARGETED_DEVICE_FAMILY = "1,2";
			};
			name = Debug;
		};
		ED75387529BA166600DDFAFD /* Release */ = {
			isa = XCBuildConfiguration;
			buildSettings = {
				ASSETCATALOG_COMPILER_APPICON_NAME = AppIcon;
				ASSETCATALOG_COMPILER_GLOBAL_ACCENT_COLOR_NAME = AccentColor;
				CODE_SIGN_STYLE = Automatic;
				CURRENT_PROJECT_VERSION = 1;
				DEVELOPMENT_TEAM = QMHYMU36A8;
				GENERATE_INFOPLIST_FILE = YES;
				INFOPLIST_FILE = diplomaProject/Info.plist;
				INFOPLIST_KEY_UIApplicationSupportsIndirectInputEvents = YES;
				INFOPLIST_KEY_UILaunchStoryboardName = LaunchScreen;
				INFOPLIST_KEY_UIStatusBarStyle = "";
				INFOPLIST_KEY_UISupportedInterfaceOrientations_iPad = "UIInterfaceOrientationPortrait UIInterfaceOrientationPortraitUpsideDown UIInterfaceOrientationLandscapeLeft UIInterfaceOrientationLandscapeRight";
				INFOPLIST_KEY_UISupportedInterfaceOrientations_iPhone = "UIInterfaceOrientationPortrait UIInterfaceOrientationLandscapeLeft UIInterfaceOrientationLandscapeRight";
				LD_RUNPATH_SEARCH_PATHS = (
					"$(inherited)",
					"@executable_path/Frameworks",
				);
				MARKETING_VERSION = 1.0;
				PRODUCT_BUNDLE_IDENTIFIER = imangalite.diplomaProject;
				PRODUCT_NAME = "$(TARGET_NAME)";
				SWIFT_EMIT_LOC_STRINGS = YES;
				SWIFT_VERSION = 5.0;
				TARGETED_DEVICE_FAMILY = "1,2";
			};
			name = Release;
		};
/* End XCBuildConfiguration section */

/* Begin XCConfigurationList section */
		ED75385729BA166400DDFAFD /* Build configuration list for PBXProject "diplomaProject" */ = {
			isa = XCConfigurationList;
			buildConfigurations = (
				ED75387129BA166600DDFAFD /* Debug */,
				ED75387229BA166600DDFAFD /* Release */,
			);
			defaultConfigurationIsVisible = 0;
			defaultConfigurationName = Release;
		};
		ED75387329BA166600DDFAFD /* Build configuration list for PBXNativeTarget "diplomaProject" */ = {
			isa = XCConfigurationList;
			buildConfigurations = (
				ED75387429BA166600DDFAFD /* Debug */,
				ED75387529BA166600DDFAFD /* Release */,
			);
			defaultConfigurationIsVisible = 0;
			defaultConfigurationName = Release;
		};
/* End XCConfigurationList section */

/* Begin XCVersionGroup section */
		ED75386829BA166400DDFAFD /* diplomaProject.xcdatamodeld */ = {
			isa = XCVersionGroup;
			children = (
				ED75386929BA166400DDFAFD /* diplomaProject.xcdatamodel */,
			);
			currentVersion = ED75386929BA166400DDFAFD /* diplomaProject.xcdatamodel */;
			path = diplomaProject.xcdatamodeld;
			sourceTree = "<group>";
			versionGroupType = wrapper.xcdatamodel;
		};
/* End XCVersionGroup section */
	};
	rootObject = ED75385429BA166400DDFAFD /* Project object */;
}
